// !$*UTF8*$!
{
	archiveVersion = 1;
	classes = {
	};
	objectVersion = 50;
	objects = {

/* Begin PBXBuildFile section */
		3C0678E722440EAE00F4E479 /* AppDelegate.swift in Sources */ = {isa = PBXBuildFile; fileRef = 3C0678E622440EAE00F4E479 /* AppDelegate.swift */; };
		3C0678E922440EAE00F4E479 /* MainViewController.swift in Sources */ = {isa = PBXBuildFile; fileRef = 3C0678E822440EAE00F4E479 /* MainViewController.swift */; };
		3C0678EC22440EAE00F4E479 /* Main.storyboard in Resources */ = {isa = PBXBuildFile; fileRef = 3C0678EA22440EAE00F4E479 /* Main.storyboard */; };
		3C0678EE22440EB000F4E479 /* Assets.xcassets in Resources */ = {isa = PBXBuildFile; fileRef = 3C0678ED22440EB000F4E479 /* Assets.xcassets */; };
		3C0678F122440EB000F4E479 /* LaunchScreen.storyboard in Resources */ = {isa = PBXBuildFile; fileRef = 3C0678EF22440EB000F4E479 /* LaunchScreen.storyboard */; };
		3C0679012244100E00F4E479 /* DGSubmit.swift in Sources */ = {isa = PBXBuildFile; fileRef = 3C0678FA2244100E00F4E479 /* DGSubmit.swift */; };
		3C0679022244100E00F4E479 /* DGRequest.swift in Sources */ = {isa = PBXBuildFile; fileRef = 3C0678FB2244100E00F4E479 /* DGRequest.swift */; };
		3C0679032244100E00F4E479 /* DGHttpMethods.swift in Sources */ = {isa = PBXBuildFile; fileRef = 3C0678FD2244100E00F4E479 /* DGHttpMethods.swift */; };
		3C0679042244100E00F4E479 /* DGUtilities.swift in Sources */ = {isa = PBXBuildFile; fileRef = 3C0678FE2244100E00F4E479 /* DGUtilities.swift */; };
		3C0679052244100E00F4E479 /* DGReachability.swift in Sources */ = {isa = PBXBuildFile; fileRef = 3C0679002244100E00F4E479 /* DGReachability.swift */; };
		3C0679082244106200F4E479 /* Extensions+String.swift in Sources */ = {isa = PBXBuildFile; fileRef = 3C0679072244106200F4E479 /* Extensions+String.swift */; };
		3C06790A2244112A00F4E479 /* ServiceModelView.swift in Sources */ = {isa = PBXBuildFile; fileRef = 3C0679092244112A00F4E479 /* ServiceModelView.swift */; };
		3C06790C2244123500F4E479 /* DGEnvironment.swift in Sources */ = {isa = PBXBuildFile; fileRef = 3C06790B2244123500F4E479 /* DGEnvironment.swift */; };
		3C64261322444DE3006104E0 /* OpcionesViewController.swift in Sources */ = {isa = PBXBuildFile; fileRef = 3C64261222444DE3006104E0 /* OpcionesViewController.swift */; };
		3C64261522488178006104E0 /* RutaFechaViewController.swift in Sources */ = {isa = PBXBuildFile; fileRef = 3C64261422488178006104E0 /* RutaFechaViewController.swift */; };
		DBE267E59075D1A18258F203 /* Pods_Observador.framework in Frameworks */ = {isa = PBXBuildFile; fileRef = 7CDDD64CDF7F546F7D09ED30 /* Pods_Observador.framework */; };
/* End PBXBuildFile section */

/* Begin PBXFileReference section */
		3C0678E322440EAE00F4E479 /* Observador.app */ = {isa = PBXFileReference; explicitFileType = wrapper.application; includeInIndex = 0; path = Observador.app; sourceTree = BUILT_PRODUCTS_DIR; };
		3C0678E622440EAE00F4E479 /* AppDelegate.swift */ = {isa = PBXFileReference; lastKnownFileType = sourcecode.swift; path = AppDelegate.swift; sourceTree = "<group>"; };
		3C0678E822440EAE00F4E479 /* MainViewController.swift */ = {isa = PBXFileReference; lastKnownFileType = sourcecode.swift; path = MainViewController.swift; sourceTree = "<group>"; };
		3C0678EB22440EAE00F4E479 /* Base */ = {isa = PBXFileReference; lastKnownFileType = file.storyboard; name = Base; path = Base.lproj/Main.storyboard; sourceTree = "<group>"; };
		3C0678ED22440EB000F4E479 /* Assets.xcassets */ = {isa = PBXFileReference; lastKnownFileType = folder.assetcatalog; path = Assets.xcassets; sourceTree = "<group>"; };
		3C0678F022440EB000F4E479 /* Base */ = {isa = PBXFileReference; lastKnownFileType = file.storyboard; name = Base; path = Base.lproj/LaunchScreen.storyboard; sourceTree = "<group>"; };
		3C0678F222440EB000F4E479 /* Info.plist */ = {isa = PBXFileReference; lastKnownFileType = text.plist.xml; path = Info.plist; sourceTree = "<group>"; };
		3C0678FA2244100E00F4E479 /* DGSubmit.swift */ = {isa = PBXFileReference; fileEncoding = 4; lastKnownFileType = sourcecode.swift; path = DGSubmit.swift; sourceTree = "<group>"; };
		3C0678FB2244100E00F4E479 /* DGRequest.swift */ = {isa = PBXFileReference; fileEncoding = 4; lastKnownFileType = sourcecode.swift; path = DGRequest.swift; sourceTree = "<group>"; };
		3C0678FD2244100E00F4E479 /* DGHttpMethods.swift */ = {isa = PBXFileReference; fileEncoding = 4; lastKnownFileType = sourcecode.swift; path = DGHttpMethods.swift; sourceTree = "<group>"; };
		3C0678FE2244100E00F4E479 /* DGUtilities.swift */ = {isa = PBXFileReference; fileEncoding = 4; lastKnownFileType = sourcecode.swift; path = DGUtilities.swift; sourceTree = "<group>"; };
		3C0679002244100E00F4E479 /* DGReachability.swift */ = {isa = PBXFileReference; fileEncoding = 4; lastKnownFileType = sourcecode.swift; path = DGReachability.swift; sourceTree = "<group>"; };
		3C0679072244106200F4E479 /* Extensions+String.swift */ = {isa = PBXFileReference; fileEncoding = 4; lastKnownFileType = sourcecode.swift; path = "Extensions+String.swift"; sourceTree = "<group>"; };
		3C0679092244112A00F4E479 /* ServiceModelView.swift */ = {isa = PBXFileReference; lastKnownFileType = sourcecode.swift; path = ServiceModelView.swift; sourceTree = "<group>"; };
		3C06790B2244123500F4E479 /* DGEnvironment.swift */ = {isa = PBXFileReference; fileEncoding = 4; lastKnownFileType = sourcecode.swift; path = DGEnvironment.swift; sourceTree = "<group>"; };
		3C64261222444DE3006104E0 /* OpcionesViewController.swift */ = {isa = PBXFileReference; lastKnownFileType = sourcecode.swift; path = OpcionesViewController.swift; sourceTree = "<group>"; };
		3C64261422488178006104E0 /* RutaFechaViewController.swift */ = {isa = PBXFileReference; lastKnownFileType = sourcecode.swift; path = RutaFechaViewController.swift; sourceTree = "<group>"; };
		7CDDD64CDF7F546F7D09ED30 /* Pods_Observador.framework */ = {isa = PBXFileReference; explicitFileType = wrapper.framework; includeInIndex = 0; path = Pods_Observador.framework; sourceTree = BUILT_PRODUCTS_DIR; };
		EF26259AE8DDC4F5D02C9B2B /* Pods-Observador.debug.xcconfig */ = {isa = PBXFileReference; includeInIndex = 1; lastKnownFileType = text.xcconfig; name = "Pods-Observador.debug.xcconfig"; path = "Pods/Target Support Files/Pods-Observador/Pods-Observador.debug.xcconfig"; sourceTree = "<group>"; };
		F94478891A0058E65B3D2456 /* Pods-Observador.release.xcconfig */ = {isa = PBXFileReference; includeInIndex = 1; lastKnownFileType = text.xcconfig; name = "Pods-Observador.release.xcconfig"; path = "Pods/Target Support Files/Pods-Observador/Pods-Observador.release.xcconfig"; sourceTree = "<group>"; };
/* End PBXFileReference section */

/* Begin PBXFrameworksBuildPhase section */
		3C0678E022440EAE00F4E479 /* Frameworks */ = {
			isa = PBXFrameworksBuildPhase;
			buildActionMask = 2147483647;
			files = (
				DBE267E59075D1A18258F203 /* Pods_Observador.framework in Frameworks */,
			);
			runOnlyForDeploymentPostprocessing = 0;
		};
/* End PBXFrameworksBuildPhase section */

/* Begin PBXGroup section */
		3C0678DA22440EAE00F4E479 = {
			isa = PBXGroup;
			children = (
				3C0678E522440EAE00F4E479 /* Observador */,
				3C0678E422440EAE00F4E479 /* Products */,
				9801D3BA01537EA274116C92 /* Pods */,
				4A0C618ADACE25CB8EFE7FFC /* Frameworks */,
			);
			sourceTree = "<group>";
		};
		3C0678E422440EAE00F4E479 /* Products */ = {
			isa = PBXGroup;
			children = (
				3C0678E322440EAE00F4E479 /* Observador.app */,
			);
			name = Products;
			sourceTree = "<group>";
		};
		3C0678E522440EAE00F4E479 /* Observador */ = {
			isa = PBXGroup;
			children = (
				3C0678EA22440EAE00F4E479 /* Main.storyboard */,
				3C64261122444DB6006104E0 /* ViewControllers */,
				3C06790D2244124200F4E479 /* Service */,
				3C0679062244104B00F4E479 /* Extensions */,
				3C0678F82244100E00F4E479 /* Network */,
				3C0678E622440EAE00F4E479 /* AppDelegate.swift */,
				3C0678ED22440EB000F4E479 /* Assets.xcassets */,
				3C0678EF22440EB000F4E479 /* LaunchScreen.storyboard */,
				3C0678F222440EB000F4E479 /* Info.plist */,
			);
			path = Observador;
			sourceTree = "<group>";
		};
		3C0678F82244100E00F4E479 /* Network */ = {
			isa = PBXGroup;
			children = (
				3C0678F92244100E00F4E479 /* Layers */,
				3C0678FC2244100E00F4E479 /* NetworkUtilities */,
				3C0678FF2244100E00F4E479 /* Reachability */,
			);
			path = Network;
			sourceTree = "<group>";
		};
		3C0678F92244100E00F4E479 /* Layers */ = {
			isa = PBXGroup;
			children = (
				3C0678FA2244100E00F4E479 /* DGSubmit.swift */,
				3C0678FB2244100E00F4E479 /* DGRequest.swift */,
			);
			path = Layers;
			sourceTree = "<group>";
		};
		3C0678FC2244100E00F4E479 /* NetworkUtilities */ = {
			isa = PBXGroup;
			children = (
				3C0678FD2244100E00F4E479 /* DGHttpMethods.swift */,
				3C0678FE2244100E00F4E479 /* DGUtilities.swift */,
			);
			path = NetworkUtilities;
			sourceTree = "<group>";
		};
		3C0678FF2244100E00F4E479 /* Reachability */ = {
			isa = PBXGroup;
			children = (
				3C0679002244100E00F4E479 /* DGReachability.swift */,
			);
			path = Reachability;
			sourceTree = "<group>";
		};
		3C0679062244104B00F4E479 /* Extensions */ = {
			isa = PBXGroup;
			children = (
				3C0679072244106200F4E479 /* Extensions+String.swift */,
			);
			path = Extensions;
			sourceTree = "<group>";
		};
		3C06790D2244124200F4E479 /* Service */ = {
			isa = PBXGroup;
			children = (
				3C06790B2244123500F4E479 /* DGEnvironment.swift */,
				3C0679092244112A00F4E479 /* ServiceModelView.swift */,
			);
			path = Service;
			sourceTree = "<group>";
		};
		3C64261122444DB6006104E0 /* ViewControllers */ = {
			isa = PBXGroup;
			children = (
				3C0678E822440EAE00F4E479 /* MainViewController.swift */,
				3C64261222444DE3006104E0 /* OpcionesViewController.swift */,
				3C64261422488178006104E0 /* RutaFechaViewController.swift */,
			);
			path = ViewControllers;
			sourceTree = "<group>";
		};
		4A0C618ADACE25CB8EFE7FFC /* Frameworks */ = {
			isa = PBXGroup;
			children = (
				7CDDD64CDF7F546F7D09ED30 /* Pods_Observador.framework */,
			);
			name = Frameworks;
			sourceTree = "<group>";
		};
		9801D3BA01537EA274116C92 /* Pods */ = {
			isa = PBXGroup;
			children = (
				EF26259AE8DDC4F5D02C9B2B /* Pods-Observador.debug.xcconfig */,
				F94478891A0058E65B3D2456 /* Pods-Observador.release.xcconfig */,
			);
			name = Pods;
			sourceTree = "<group>";
		};
/* End PBXGroup section */

/* Begin PBXNativeTarget section */
		3C0678E222440EAE00F4E479 /* Observador */ = {
			isa = PBXNativeTarget;
			buildConfigurationList = 3C0678F522440EB000F4E479 /* Build configuration list for PBXNativeTarget "Observador" */;
			buildPhases = (
				BDE373AE8B485105669F797D /* [CP] Check Pods Manifest.lock */,
				3C0678DF22440EAE00F4E479 /* Sources */,
				3C0678E022440EAE00F4E479 /* Frameworks */,
				3C0678E122440EAE00F4E479 /* Resources */,
				8CDCCC7002F9F84366ADB405 /* [CP] Embed Pods Frameworks */,
			);
			buildRules = (
			);
			dependencies = (
			);
			name = Observador;
			productName = Observador;
			productReference = 3C0678E322440EAE00F4E479 /* Observador.app */;
			productType = "com.apple.product-type.application";
		};
/* End PBXNativeTarget section */

/* Begin PBXProject section */
		3C0678DB22440EAE00F4E479 /* Project object */ = {
			isa = PBXProject;
			attributes = {
				LastSwiftUpdateCheck = 1010;
				LastUpgradeCheck = 1010;
				ORGANIZATIONNAME = ginppian;
				TargetAttributes = {
					3C0678E222440EAE00F4E479 = {
						CreatedOnToolsVersion = 10.1;
					};
				};
			};
			buildConfigurationList = 3C0678DE22440EAE00F4E479 /* Build configuration list for PBXProject "Observador" */;
			compatibilityVersion = "Xcode 9.3";
			developmentRegion = en;
			hasScannedForEncodings = 0;
			knownRegions = (
				en,
				Base,
			);
			mainGroup = 3C0678DA22440EAE00F4E479;
			productRefGroup = 3C0678E422440EAE00F4E479 /* Products */;
			projectDirPath = "";
			projectRoot = "";
			targets = (
				3C0678E222440EAE00F4E479 /* Observador */,
			);
		};
/* End PBXProject section */

/* Begin PBXResourcesBuildPhase section */
		3C0678E122440EAE00F4E479 /* Resources */ = {
			isa = PBXResourcesBuildPhase;
			buildActionMask = 2147483647;
			files = (
				3C0678F122440EB000F4E479 /* LaunchScreen.storyboard in Resources */,
				3C0678EE22440EB000F4E479 /* Assets.xcassets in Resources */,
				3C0678EC22440EAE00F4E479 /* Main.storyboard in Resources */,
			);
			runOnlyForDeploymentPostprocessing = 0;
		};
/* End PBXResourcesBuildPhase section */

/* Begin PBXShellScriptBuildPhase section */
		8CDCCC7002F9F84366ADB405 /* [CP] Embed Pods Frameworks */ = {
			isa = PBXShellScriptBuildPhase;
			buildActionMask = 2147483647;
			files = (
			);
			inputPaths = (
				"${SRCROOT}/Pods/Target Support Files/Pods-Observador/Pods-Observador-frameworks.sh",
				"${BUILT_PRODUCTS_DIR}/ReachabilitySwift/Reachability.framework",
			);
			name = "[CP] Embed Pods Frameworks";
			outputPaths = (
				"${TARGET_BUILD_DIR}/${FRAMEWORKS_FOLDER_PATH}/Reachability.framework",
			);
			runOnlyForDeploymentPostprocessing = 0;
			shellPath = /bin/sh;
			shellScript = "\"${SRCROOT}/Pods/Target Support Files/Pods-Observador/Pods-Observador-frameworks.sh\"\n";
			showEnvVarsInLog = 0;
		};
		BDE373AE8B485105669F797D /* [CP] Check Pods Manifest.lock */ = {
			isa = PBXShellScriptBuildPhase;
			buildActionMask = 2147483647;
			files = (
			);
			inputPaths = (
				"${PODS_PODFILE_DIR_PATH}/Podfile.lock",
				"${PODS_ROOT}/Manifest.lock",
			);
			name = "[CP] Check Pods Manifest.lock";
			outputPaths = (
				"$(DERIVED_FILE_DIR)/Pods-Observador-checkManifestLockResult.txt",
			);
			runOnlyForDeploymentPostprocessing = 0;
			shellPath = /bin/sh;
			shellScript = "diff \"${PODS_PODFILE_DIR_PATH}/Podfile.lock\" \"${PODS_ROOT}/Manifest.lock\" > /dev/null\nif [ $? != 0 ] ; then\n    # print error to STDERR\n    echo \"error: The sandbox is not in sync with the Podfile.lock. Run 'pod install' or update your CocoaPods installation.\" >&2\n    exit 1\nfi\n# This output is used by Xcode 'outputs' to avoid re-running this script phase.\necho \"SUCCESS\" > \"${SCRIPT_OUTPUT_FILE_0}\"\n";
			showEnvVarsInLog = 0;
		};
/* End PBXShellScriptBuildPhase section */

/* Begin PBXSourcesBuildPhase section */
		3C0678DF22440EAE00F4E479 /* Sources */ = {
			isa = PBXSourcesBuildPhase;
			buildActionMask = 2147483647;
			files = (
				3C0679052244100E00F4E479 /* DGReachability.swift in Sources */,
				3C0679032244100E00F4E479 /* DGHttpMethods.swift in Sources */,
				3C06790C2244123500F4E479 /* DGEnvironment.swift in Sources */,
				3C0679012244100E00F4E479 /* DGSubmit.swift in Sources */,
				3C0678E922440EAE00F4E479 /* MainViewController.swift in Sources */,
				3C0679082244106200F4E479 /* Extensions+String.swift in Sources */,
				3C64261522488178006104E0 /* RutaFechaViewController.swift in Sources */,
				3C64261322444DE3006104E0 /* OpcionesViewController.swift in Sources */,
				3C0679022244100E00F4E479 /* DGRequest.swift in Sources */,
				3C0678E722440EAE00F4E479 /* AppDelegate.swift in Sources */,
				3C06790A2244112A00F4E479 /* ServiceModelView.swift in Sources */,
				3C0679042244100E00F4E479 /* DGUtilities.swift in Sources */,
			);
			runOnlyForDeploymentPostprocessing = 0;
		};
/* End PBXSourcesBuildPhase section */

/* Begin PBXVariantGroup section */
		3C0678EA22440EAE00F4E479 /* Main.storyboard */ = {
			isa = PBXVariantGroup;
			children = (
				3C0678EB22440EAE00F4E479 /* Base */,
			);
			name = Main.storyboard;
			sourceTree = "<group>";
		};
		3C0678EF22440EB000F4E479 /* LaunchScreen.storyboard */ = {
			isa = PBXVariantGroup;
			children = (
				3C0678F022440EB000F4E479 /* Base */,
			);
			name = LaunchScreen.storyboard;
			sourceTree = "<group>";
		};
/* End PBXVariantGroup section */

/* Begin XCBuildConfiguration section */
		3C0678F322440EB000F4E479 /* Debug */ = {
			isa = XCBuildConfiguration;
			buildSettings = {
				ALWAYS_SEARCH_USER_PATHS = NO;
				CLANG_ANALYZER_NONNULL = YES;
				CLANG_ANALYZER_NUMBER_OBJECT_CONVERSION = YES_AGGRESSIVE;
				CLANG_CXX_LANGUAGE_STANDARD = "gnu++14";
				CLANG_CXX_LIBRARY = "libc++";
				CLANG_ENABLE_MODULES = YES;
				CLANG_ENABLE_OBJC_ARC = YES;
				CLANG_ENABLE_OBJC_WEAK = YES;
				CLANG_WARN_BLOCK_CAPTURE_AUTORELEASING = YES;
				CLANG_WARN_BOOL_CONVERSION = YES;
				CLANG_WARN_COMMA = YES;
				CLANG_WARN_CONSTANT_CONVERSION = YES;
				CLANG_WARN_DEPRECATED_OBJC_IMPLEMENTATIONS = YES;
				CLANG_WARN_DIRECT_OBJC_ISA_USAGE = YES_ERROR;
				CLANG_WARN_DOCUMENTATION_COMMENTS = YES;
				CLANG_WARN_EMPTY_BODY = YES;
				CLANG_WARN_ENUM_CONVERSION = YES;
				CLANG_WARN_INFINITE_RECURSION = YES;
				CLANG_WARN_INT_CONVERSION = YES;
				CLANG_WARN_NON_LITERAL_NULL_CONVERSION = YES;
				CLANG_WARN_OBJC_IMPLICIT_RETAIN_SELF = YES;
				CLANG_WARN_OBJC_LITERAL_CONVERSION = YES;
				CLANG_WARN_OBJC_ROOT_CLASS = YES_ERROR;
				CLANG_WARN_RANGE_LOOP_ANALYSIS = YES;
				CLANG_WARN_STRICT_PROTOTYPES = YES;
				CLANG_WARN_SUSPICIOUS_MOVE = YES;
				CLANG_WARN_UNGUARDED_AVAILABILITY = YES_AGGRESSIVE;
				CLANG_WARN_UNREACHABLE_CODE = YES;
				CLANG_WARN__DUPLICATE_METHOD_MATCH = YES;
				CODE_SIGN_IDENTITY = "iPhone Developer";
				COPY_PHASE_STRIP = NO;
				DEBUG_INFORMATION_FORMAT = dwarf;
				ENABLE_STRICT_OBJC_MSGSEND = YES;
				ENABLE_TESTABILITY = YES;
				GCC_C_LANGUAGE_STANDARD = gnu11;
				GCC_DYNAMIC_NO_PIC = NO;
				GCC_NO_COMMON_BLOCKS = YES;
				GCC_OPTIMIZATION_LEVEL = 0;
				GCC_PREPROCESSOR_DEFINITIONS = (
					"DEBUG=1",
					"$(inherited)",
				);
				GCC_WARN_64_TO_32_BIT_CONVERSION = YES;
				GCC_WARN_ABOUT_RETURN_TYPE = YES_ERROR;
				GCC_WARN_UNDECLARED_SELECTOR = YES;
				GCC_WARN_UNINITIALIZED_AUTOS = YES_AGGRESSIVE;
				GCC_WARN_UNUSED_FUNCTION = YES;
				GCC_WARN_UNUSED_VARIABLE = YES;
				IPHONEOS_DEPLOYMENT_TARGET = 12.1;
				MTL_ENABLE_DEBUG_INFO = INCLUDE_SOURCE;
				MTL_FAST_MATH = YES;
				ONLY_ACTIVE_ARCH = YES;
				SDKROOT = iphoneos;
				SWIFT_ACTIVE_COMPILATION_CONDITIONS = DEBUG;
				SWIFT_OPTIMIZATION_LEVEL = "-Onone";
			};
			name = Debug;
		};
		3C0678F422440EB000F4E479 /* Release */ = {
			isa = XCBuildConfiguration;
			buildSettings = {
				ALWAYS_SEARCH_USER_PATHS = NO;
				CLANG_ANALYZER_NONNULL = YES;
				CLANG_ANALYZER_NUMBER_OBJECT_CONVERSION = YES_AGGRESSIVE;
				CLANG_CXX_LANGUAGE_STANDARD = "gnu++14";
				CLANG_CXX_LIBRARY = "libc++";
				CLANG_ENABLE_MODULES = YES;
				CLANG_ENABLE_OBJC_ARC = YES;
				CLANG_ENABLE_OBJC_WEAK = YES;
				CLANG_WARN_BLOCK_CAPTURE_AUTORELEASING = YES;
				CLANG_WARN_BOOL_CONVERSION = YES;
				CLANG_WARN_COMMA = YES;
				CLANG_WARN_CONSTANT_CONVERSION = YES;
				CLANG_WARN_DEPRECATED_OBJC_IMPLEMENTATIONS = YES;
				CLANG_WARN_DIRECT_OBJC_ISA_USAGE = YES_ERROR;
				CLANG_WARN_DOCUMENTATION_COMMENTS = YES;
				CLANG_WARN_EMPTY_BODY = YES;
				CLANG_WARN_ENUM_CONVERSION = YES;
				CLANG_WARN_INFINITE_RECURSION = YES;
				CLANG_WARN_INT_CONVERSION = YES;
				CLANG_WARN_NON_LITERAL_NULL_CONVERSION = YES;
				CLANG_WARN_OBJC_IMPLICIT_RETAIN_SELF = YES;
				CLANG_WARN_OBJC_LITERAL_CONVERSION = YES;
				CLANG_WARN_OBJC_ROOT_CLASS = YES_ERROR;
				CLANG_WARN_RANGE_LOOP_ANALYSIS = YES;
				CLANG_WARN_STRICT_PROTOTYPES = YES;
				CLANG_WARN_SUSPICIOUS_MOVE = YES;
				CLANG_WARN_UNGUARDED_AVAILABILITY = YES_AGGRESSIVE;
				CLANG_WARN_UNREACHABLE_CODE = YES;
				CLANG_WARN__DUPLICATE_METHOD_MATCH = YES;
				CODE_SIGN_IDENTITY = "iPhone Developer";
				COPY_PHASE_STRIP = NO;
				DEBUG_INFORMATION_FORMAT = "dwarf-with-dsym";
				ENABLE_NS_ASSERTIONS = NO;
				ENABLE_STRICT_OBJC_MSGSEND = YES;
				GCC_C_LANGUAGE_STANDARD = gnu11;
				GCC_NO_COMMON_BLOCKS = YES;
				GCC_WARN_64_TO_32_BIT_CONVERSION = YES;
				GCC_WARN_ABOUT_RETURN_TYPE = YES_ERROR;
				GCC_WARN_UNDECLARED_SELECTOR = YES;
				GCC_WARN_UNINITIALIZED_AUTOS = YES_AGGRESSIVE;
				GCC_WARN_UNUSED_FUNCTION = YES;
				GCC_WARN_UNUSED_VARIABLE = YES;
				IPHONEOS_DEPLOYMENT_TARGET = 12.1;
				MTL_ENABLE_DEBUG_INFO = NO;
				MTL_FAST_MATH = YES;
				SDKROOT = iphoneos;
				SWIFT_COMPILATION_MODE = wholemodule;
				SWIFT_OPTIMIZATION_LEVEL = "-O";
				VALIDATE_PRODUCT = YES;
			};
			name = Release;
		};
		3C0678F622440EB000F4E479 /* Debug */ = {
			isa = XCBuildConfiguration;
			baseConfigurationReference = EF26259AE8DDC4F5D02C9B2B /* Pods-Observador.debug.xcconfig */;
			buildSettings = {
				ASSETCATALOG_COMPILER_APPICON_NAME = AppIcon;
				CODE_SIGN_STYLE = Automatic;
				DEVELOPMENT_TEAM = 75NH8N5682;
				ENDPOINT_URL = "http://167.99.97.130:8082/api";
				INFOPLIST_FILE = Observador/Info.plist;
				LD_RUNPATH_SEARCH_PATHS = (
					"$(inherited)",
					"@executable_path/Frameworks",
				);
				PRODUCT_BUNDLE_IDENTIFIER = com.ginppian.Observador;
				PRODUCT_NAME = "$(TARGET_NAME)";
				SWIFT_VERSION = 4.2;
				TARGETED_DEVICE_FAMILY = "1,2";
			};
			name = Debug;
		};
		3C0678F722440EB000F4E479 /* Release */ = {
			isa = XCBuildConfiguration;
			baseConfigurationReference = F94478891A0058E65B3D2456 /* Pods-Observador.release.xcconfig */;
			buildSettings = {
				ASSETCATALOG_COMPILER_APPICON_NAME = AppIcon;
				CODE_SIGN_STYLE = Automatic;
				DEVELOPMENT_TEAM = 75NH8N5682;
				ENDPOINT_URL = "http://167.99.97.130:8082/api";
				INFOPLIST_FILE = Observador/Info.plist;
				LD_RUNPATH_SEARCH_PATHS = (
					"$(inherited)",
					"@executable_path/Frameworks",
				);
				PRODUCT_BUNDLE_IDENTIFIER = com.ginppian.Observador;
				PRODUCT_NAME = "$(TARGET_NAME)";
				SWIFT_VERSION = 4.2;
				TARGETED_DEVICE_FAMILY = "1,2";
			};
			name = Release;
		};
/* End XCBuildConfiguration section */

/* Begin XCConfigurationList section */
		3C0678DE22440EAE00F4E479 /* Build configuration list for PBXProject "Observador" */ = {
			isa = XCConfigurationList;
			buildConfigurations = (
				3C0678F322440EB000F4E479 /* Debug */,
				3C0678F422440EB000F4E479 /* Release */,
			);
			defaultConfigurationIsVisible = 0;
			defaultConfigurationName = Release;
		};
		3C0678F522440EB000F4E479 /* Build configuration list for PBXNativeTarget "Observador" */ = {
			isa = XCConfigurationList;
			buildConfigurations = (
				3C0678F622440EB000F4E479 /* Debug */,
				3C0678F722440EB000F4E479 /* Release */,
			);
			defaultConfigurationIsVisible = 0;
			defaultConfigurationName = Release;
		};
/* End XCConfigurationList section */
	};
	rootObject = 3C0678DB22440EAE00F4E479 /* Project object */;
}
